// !$*UTF8*$!
{
	archiveVersion = 1;
	classes = {
	};
	objectVersion = 46;
	objects = {

/* Begin PBXBuildFile section */
		9E4AD8231DAC89EF0074B16B /* main.m in Sources */ = {isa = PBXBuildFile; fileRef = 9E4AD8221DAC89EF0074B16B /* main.m */; };
		9E4AD8261DAC89EF0074B16B /* AppDelegate.m in Sources */ = {isa = PBXBuildFile; fileRef = 9E4AD8251DAC89EF0074B16B /* AppDelegate.m */; };
		9E4AD8291DAC89EF0074B16B /* RootViewController.m in Sources */ = {isa = PBXBuildFile; fileRef = 9E4AD8281DAC89EF0074B16B /* RootViewController.m */; };
		9E4AD82E1DAC89EF0074B16B /* Assets.xcassets in Resources */ = {isa = PBXBuildFile; fileRef = 9E4AD82D1DAC89EF0074B16B /* Assets.xcassets */; };
		9E4AD8311DAC89EF0074B16B /* LaunchScreen.storyboard in Resources */ = {isa = PBXBuildFile; fileRef = 9E4AD82F1DAC89EF0074B16B /* LaunchScreen.storyboard */; };
		9E4AD83B1DAC8B080074B16B /* XucgAssistiveTouch.m in Sources */ = {isa = PBXBuildFile; fileRef = 9E4AD83A1DAC8B080074B16B /* XucgAssistiveTouch.m */; };
		9E4AD83F1DACB2A20074B16B /* xucg-iphone@2x.png in Resources */ = {isa = PBXBuildFile; fileRef = 9E4AD83D1DACB2A20074B16B /* xucg-iphone@2x.png */; };
		9E4AD8401DACB2A20074B16B /* xucg-iphone@3x.png in Resources */ = {isa = PBXBuildFile; fileRef = 9E4AD83E1DACB2A20074B16B /* xucg-iphone@3x.png */; };
		9E4AD8461DACDFD80074B16B /* TabViewController1.m in Sources */ = {isa = PBXBuildFile; fileRef = 9E4AD8451DACDFD80074B16B /* TabViewController1.m */; };
/* End PBXBuildFile section */

/* Begin PBXFileReference section */
		9E4AD81E1DAC89EF0074B16B /* XucgAssistiveTouch.app */ = {isa = PBXFileReference; explicitFileType = wrapper.application; includeInIndex = 0; path = XucgAssistiveTouch.app; sourceTree = BUILT_PRODUCTS_DIR; };
		9E4AD8221DAC89EF0074B16B /* main.m */ = {isa = PBXFileReference; lastKnownFileType = sourcecode.c.objc; path = main.m; sourceTree = "<group>"; };
		9E4AD8241DAC89EF0074B16B /* AppDelegate.h */ = {isa = PBXFileReference; lastKnownFileType = sourcecode.c.h; path = AppDelegate.h; sourceTree = "<group>"; };
		9E4AD8251DAC89EF0074B16B /* AppDelegate.m */ = {isa = PBXFileReference; lastKnownFileType = sourcecode.c.objc; path = AppDelegate.m; sourceTree = "<group>"; };
		9E4AD8271DAC89EF0074B16B /* RootViewController.h */ = {isa = PBXFileReference; lastKnownFileType = sourcecode.c.h; path = RootViewController.h; sourceTree = "<group>"; };
		9E4AD8281DAC89EF0074B16B /* RootViewController.m */ = {isa = PBXFileReference; lastKnownFileType = sourcecode.c.objc; path = RootViewController.m; sourceTree = "<group>"; };
		9E4AD82D1DAC89EF0074B16B /* Assets.xcassets */ = {isa = PBXFileReference; lastKnownFileType = folder.assetcatalog; path = Assets.xcassets; sourceTree = "<group>"; };
		9E4AD8301DAC89EF0074B16B /* Base */ = {isa = PBXFileReference; lastKnownFileType = file.storyboard; name = Base; path = Base.lproj/LaunchScreen.storyboard; sourceTree = "<group>"; };
		9E4AD8321DAC89EF0074B16B /* Info.plist */ = {isa = PBXFileReference; lastKnownFileType = text.plist.xml; path = Info.plist; sourceTree = "<group>"; };
		9E4AD8391DAC8B080074B16B /* XucgAssistiveTouch.h */ = {isa = PBXFileReference; fileEncoding = 4; lastKnownFileType = sourcecode.c.h; path = XucgAssistiveTouch.h; sourceTree = "<group>"; };
		9E4AD83A1DAC8B080074B16B /* XucgAssistiveTouch.m */ = {isa = PBXFileReference; fileEncoding = 4; lastKnownFileType = sourcecode.c.objc; path = XucgAssistiveTouch.m; sourceTree = "<group>"; };
		9E4AD83D1DACB2A20074B16B /* xucg-iphone@2x.png */ = {isa = PBXFileReference; lastKnownFileType = image.png; path = "xucg-iphone@2x.png"; sourceTree = "<group>"; };
		9E4AD83E1DACB2A20074B16B /* xucg-iphone@3x.png */ = {isa = PBXFileReference; lastKnownFileType = image.png; path = "xucg-iphone@3x.png"; sourceTree = "<group>"; };
		9E4AD8441DACDFD80074B16B /* TabViewController1.h */ = {isa = PBXFileReference; fileEncoding = 4; lastKnownFileType = sourcecode.c.h; path = TabViewController1.h; sourceTree = "<group>"; };
		9E4AD8451DACDFD80074B16B /* TabViewController1.m */ = {isa = PBXFileReference; fileEncoding = 4; lastKnownFileType = sourcecode.c.objc; path = TabViewController1.m; sourceTree = "<group>"; };
/* End PBXFileReference section */

/* Begin PBXFrameworksBuildPhase section */
		9E4AD81B1DAC89EF0074B16B /* Frameworks */ = {
			isa = PBXFrameworksBuildPhase;
			buildActionMask = 2147483647;
			files = (
			);
			runOnlyForDeploymentPostprocessing = 0;
		};
/* End PBXFrameworksBuildPhase section */

/* Begin PBXGroup section */
		9E4AD8151DAC89EF0074B16B = {
			isa = PBXGroup;
			children = (
				9E4AD8201DAC89EF0074B16B /* XucgAssistiveTouch */,
				9E4AD81F1DAC89EF0074B16B /* Products */,
			);
			sourceTree = "<group>";
		};
		9E4AD81F1DAC89EF0074B16B /* Products */ = {
			isa = PBXGroup;
			children = (
				9E4AD81E1DAC89EF0074B16B /* XucgAssistiveTouch.app */,
			);
			name = Products;
			sourceTree = "<group>";
		};
		9E4AD8201DAC89EF0074B16B /* XucgAssistiveTouch */ = {
			isa = PBXGroup;
			children = (
				9E4AD8381DAC8A900074B16B /* XucgAssistiveTouch */,
				9E4AD8241DAC89EF0074B16B /* AppDelegate.h */,
				9E4AD8251DAC89EF0074B16B /* AppDelegate.m */,
				9E4AD8271DAC89EF0074B16B /* RootViewController.h */,
				9E4AD8281DAC89EF0074B16B /* RootViewController.m */,
				9E4AD8441DACDFD80074B16B /* TabViewController1.h */,
				9E4AD8451DACDFD80074B16B /* TabViewController1.m */,
				9E4AD82D1DAC89EF0074B16B /* Assets.xcassets */,
				9E4AD82F1DAC89EF0074B16B /* LaunchScreen.storyboard */,
				9E4AD8321DAC89EF0074B16B /* Info.plist */,
				9E4AD83C1DACB2A20074B16B /* Resources */,
				9E4AD8211DAC89EF0074B16B /* Supporting Files */,
			);
			path = XucgAssistiveTouch;
			sourceTree = "<group>";
		};
		9E4AD8211DAC89EF0074B16B /* Supporting Files */ = {
			isa = PBXGroup;
			children = (
				9E4AD8221DAC89EF0074B16B /* main.m */,
			);
			name = "Supporting Files";
			sourceTree = "<group>";
		};
		9E4AD8381DAC8A900074B16B /* XucgAssistiveTouch */ = {
			isa = PBXGroup;
			children = (
				9E4AD8391DAC8B080074B16B /* XucgAssistiveTouch.h */,
				9E4AD83A1DAC8B080074B16B /* XucgAssistiveTouch.m */,
			);
			path = XucgAssistiveTouch;
			sourceTree = "<group>";
		};
		9E4AD83C1DACB2A20074B16B /* Resources */ = {
			isa = PBXGroup;
			children = (
				9E4AD83D1DACB2A20074B16B /* xucg-iphone@2x.png */,
				9E4AD83E1DACB2A20074B16B /* xucg-iphone@3x.png */,
			);
			path = Resources;
			sourceTree = "<group>";
		};
/* End PBXGroup section */

/* Begin PBXNativeTarget section */
		9E4AD81D1DAC89EF0074B16B /* XucgAssistiveTouch */ = {
			isa = PBXNativeTarget;
			buildConfigurationList = 9E4AD8351DAC89EF0074B16B /* Build configuration list for PBXNativeTarget "XucgAssistiveTouch" */;
			buildPhases = (
				9E4AD81A1DAC89EF0074B16B /* Sources */,
				9E4AD81B1DAC89EF0074B16B /* Frameworks */,
				9E4AD81C1DAC89EF0074B16B /* Resources */,
			);
			buildRules = (
			);
			dependencies = (
			);
			name = XucgAssistiveTouch;
			productName = XucgAssistiveTouch;
			productReference = 9E4AD81E1DAC89EF0074B16B /* XucgAssistiveTouch.app */;
			productType = "com.apple.product-type.application";
		};
/* End PBXNativeTarget section */

/* Begin PBXProject section */
		9E4AD8161DAC89EF0074B16B /* Project object */ = {
			isa = PBXProject;
			attributes = {
				LastUpgradeCheck = 0800;
				ORGANIZATIONNAME = xucg;
				TargetAttributes = {
					9E4AD81D1DAC89EF0074B16B = {
						CreatedOnToolsVersion = 8.0;
						DevelopmentTeam = ZQ58X4RGMX;
						ProvisioningStyle = Manual;
					};
				};
			};
			buildConfigurationList = 9E4AD8191DAC89EF0074B16B /* Build configuration list for PBXProject "XucgAssistiveTouch" */;
			compatibilityVersion = "Xcode 3.2";
			developmentRegion = English;
			hasScannedForEncodings = 0;
			knownRegions = (
				en,
				Base,
			);
			mainGroup = 9E4AD8151DAC89EF0074B16B;
			productRefGroup = 9E4AD81F1DAC89EF0074B16B /* Products */;
			projectDirPath = "";
			projectRoot = "";
			targets = (
				9E4AD81D1DAC89EF0074B16B /* XucgAssistiveTouch */,
			);
		};
/* End PBXProject section */

/* Begin PBXResourcesBuildPhase section */
		9E4AD81C1DAC89EF0074B16B /* Resources */ = {
			isa = PBXResourcesBuildPhase;
			buildActionMask = 2147483647;
			files = (
				9E4AD8311DAC89EF0074B16B /* LaunchScreen.storyboard in Resources */,
				9E4AD8401DACB2A20074B16B /* xucg-iphone@3x.png in Resources */,
				9E4AD83F1DACB2A20074B16B /* xucg-iphone@2x.png in Resources */,
				9E4AD82E1DAC89EF0074B16B /* Assets.xcassets in Resources */,
			);
			runOnlyForDeploymentPostprocessing = 0;
		};
/* End PBXResourcesBuildPhase section */

/* Begin PBXSourcesBuildPhase section */
		9E4AD81A1DAC89EF0074B16B /* Sources */ = {
			isa = PBXSourcesBuildPhase;
			buildActionMask = 2147483647;
			files = (
				9E4AD8461DACDFD80074B16B /* TabViewController1.m in Sources */,
				9E4AD83B1DAC8B080074B16B /* XucgAssistiveTouch.m in Sources */,
				9E4AD8291DAC89EF0074B16B /* RootViewController.m in Sources */,
				9E4AD8261DAC89EF0074B16B /* AppDelegate.m in Sources */,
				9E4AD8231DAC89EF0074B16B /* main.m in Sources */,
			);
			runOnlyForDeploymentPostprocessing = 0;
		};
/* End PBXSourcesBuildPhase section */

/* Begin PBXVariantGroup section */
		9E4AD82F1DAC89EF0074B16B /* LaunchScreen.storyboard */ = {
			isa = PBXVariantGroup;
			children = (
				9E4AD8301DAC89EF0074B16B /* Base */,
			);
			name = LaunchScreen.storyboard;
			sourceTree = "<group>";
		};
/* End PBXVariantGroup section */

/* Begin XCBuildConfiguration section */
		9E4AD8331DAC89EF0074B16B /* Debug */ = {
			isa = XCBuildConfiguration;
			buildSettings = {
				ALWAYS_SEARCH_USER_PATHS = NO;
				CLANG_ANALYZER_NONNULL = YES;
				CLANG_CXX_LANGUAGE_STANDARD = "gnu++0x";
				CLANG_CXX_LIBRARY = "libc++";
				CLANG_ENABLE_MODULES = YES;
				CLANG_ENABLE_OBJC_ARC = YES;
				CLANG_WARN_BOOL_CONVERSION = YES;
				CLANG_WARN_CONSTANT_CONVERSION = YES;
				CLANG_WARN_DIRECT_OBJC_ISA_USAGE = YES_ERROR;
				CLANG_WARN_DOCUMENTATION_COMMENTS = YES;
				CLANG_WARN_EMPTY_BODY = YES;
				CLANG_WARN_ENUM_CONVERSION = YES;
				CLANG_WARN_INFINITE_RECURSION = YES;
				CLANG_WARN_INT_CONVERSION = YES;
				CLANG_WARN_OBJC_ROOT_CLASS = YES_ERROR;
				CLANG_WARN_SUSPICIOUS_MOVES = YES;
				CLANG_WARN_UNREACHABLE_CODE = YES;
				CLANG_WARN__DUPLICATE_METHOD_MATCH = YES;
				"CODE_SIGN_IDENTITY[sdk=iphoneos*]" = "iPhone Developer";
				COPY_PHASE_STRIP = NO;
				DEBUG_INFORMATION_FORMAT = dwarf;
				ENABLE_STRICT_OBJC_MSGSEND = YES;
				ENABLE_TESTABILITY = YES;
				GCC_C_LANGUAGE_STANDARD = gnu99;
				GCC_DYNAMIC_NO_PIC = NO;
				GCC_NO_COMMON_BLOCKS = YES;
				GCC_OPTIMIZATION_LEVEL = 0;
				GCC_PREPROCESSOR_DEFINITIONS = (
					"DEBUG=1",
					"$(inherited)",
				);
				GCC_WARN_64_TO_32_BIT_CONVERSION = YES;
				GCC_WARN_ABOUT_RETURN_TYPE = YES_ERROR;
				GCC_WARN_UNDECLARED_SELECTOR = YES;
				GCC_WARN_UNINITIALIZED_AUTOS = YES_AGGRESSIVE;
				GCC_WARN_UNUSED_FUNCTION = YES;
				GCC_WARN_UNUSED_VARIABLE = YES;
				IPHONEOS_DEPLOYMENT_TARGET = 10.0;
				MTL_ENABLE_DEBUG_INFO = YES;
				ONLY_ACTIVE_ARCH = YES;
				SDKROOT = iphoneos;
			};
			name = Debug;
		};
		9E4AD8341DAC89EF0074B16B /* Release */ = {
			isa = XCBuildConfiguration;
			buildSettings = {
				ALWAYS_SEARCH_USER_PATHS = NO;
				CLANG_ANALYZER_NONNULL = YES;
				CLANG_CXX_LANGUAGE_STANDARD = "gnu++0x";
				CLANG_CXX_LIBRARY = "libc++";
				CLANG_ENABLE_MODULES = YES;
				CLANG_ENABLE_OBJC_ARC = YES;
				CLANG_WARN_BOOL_CONVERSION = YES;
				CLANG_WARN_CONSTANT_CONVERSION = YES;
				CLANG_WARN_DIRECT_OBJC_ISA_USAGE = YES_ERROR;
				CLANG_WARN_DOCUMENTATION_COMMENTS = YES;
				CLANG_WARN_EMPTY_BODY = YES;
				CLANG_WARN_ENUM_CONVERSION = YES;
				CLANG_WARN_INFINITE_RECURSION = YES;
				CLANG_WARN_INT_CONVERSION = YES;
				CLANG_WARN_OBJC_ROOT_CLASS = YES_ERROR;
				CLANG_WARN_SUSPICIOUS_MOVES = YES;
				CLANG_WARN_UNREACHABLE_CODE = YES;
				CLANG_WARN__DUPLICATE_METHOD_MATCH = YES;
				"CODE_SIGN_IDENTITY[sdk=iphoneos*]" = "iPhone Developer";
				COPY_PHASE_STRIP = NO;
				DEBUG_INFORMATION_FORMAT = "dwarf-with-dsym";
				ENABLE_NS_ASSERTIONS = NO;
				ENABLE_STRICT_OBJC_MSGSEND = YES;
				GCC_C_LANGUAGE_STANDARD = gnu99;
				GCC_NO_COMMON_BLOCKS = YES;
				GCC_WARN_64_TO_32_BIT_CONVERSION = YES;
				GCC_WARN_ABOUT_RETURN_TYPE = YES_ERROR;
				GCC_WARN_UNDECLARED_SELECTOR = YES;
				GCC_WARN_UNINITIALIZED_AUTOS = YES_AGGRESSIVE;
				GCC_WARN_UNUSED_FUNCTION = YES;
				GCC_WARN_UNUSED_VARIABLE = YES;
				IPHONEOS_DEPLOYMENT_TARGET = 10.0;
				MTL_ENABLE_DEBUG_INFO = NO;
				SDKROOT = iphoneos;
				VALIDATE_PRODUCT = YES;
			};
			name = Release;
		};
		9E4AD8361DAC89EF0074B16B /* Debug */ = {
			isa = XCBuildConfiguration;
			buildSettings = {
				ASSETCATALOG_COMPILER_APPICON_NAME = AppIcon;
				CODE_SIGN_IDENTITY = "iPhone Developer: Manbu Guke (7S58JZ9GSU)";
				DEVELOPMENT_TEAM = ZQ58X4RGMX;
				INFOPLIST_FILE = XucgAssistiveTouch/Info.plist;
				IPHONEOS_DEPLOYMENT_TARGET = 8.0;
				LD_RUNPATH_SEARCH_PATHS = "$(inherited) @executable_path/Frameworks";
				PRODUCT_BUNDLE_IDENTIFIER = com.xucg.XucgAssistiveTouch;
				PRODUCT_NAME = "$(TARGET_NAME)";
				PROVISIONING_PROFILE = "caf59469-d18a-4639-bb43-9eae788aeb2a";
				PROVISIONING_PROFILE_SPECIFIER = Wildcard;
			};
			name = Debug;
		};
		9E4AD8371DAC89EF0074B16B /* Release */ = {
			isa = XCBuildConfiguration;
			buildSettings = {
				ASSETCATALOG_COMPILER_APPICON_NAME = AppIcon;
				CODE_SIGN_IDENTITY = "iPhone Developer: Manbu Guke (7S58JZ9GSU)";
				DEVELOPMENT_TEAM = ZQ58X4RGMX;
				INFOPLIST_FILE = XucgAssistiveTouch/Info.plist;
				IPHONEOS_DEPLOYMENT_TARGET = 8.0;
				LD_RUNPATH_SEARCH_PATHS = "$(inherited) @executable_path/Frameworks";
				PRODUCT_BUNDLE_IDENTIFIER = com.xucg.XucgAssistiveTouch;
				PRODUCT_NAME = "$(TARGET_NAME)";
				PROVISIONING_PROFILE = "caf59469-d18a-4639-bb43-9eae788aeb2a";
				PROVISIONING_PROFILE_SPECIFIER = Wildcard;
			};
			name = Release;
		};
/* End XCBuildConfiguration section */

/* Begin XCConfigurationList section */
		9E4AD8191DAC89EF0074B16B /* Build configuration list for PBXProject "XucgAssistiveTouch" */ = {
			isa = XCConfigurationList;
			buildConfigurations = (
				9E4AD8331DAC89EF0074B16B /* Debug */,
				9E4AD8341DAC89EF0074B16B /* Release */,
			);
			defaultConfigurationIsVisible = 0;
			defaultConfigurationName = Release;
		};
		9E4AD8351DAC89EF0074B16B /* Build configuration list for PBXNativeTarget "XucgAssistiveTouch" */ = {
			isa = XCConfigurationList;
			buildConfigurations = (
				9E4AD8361DAC89EF0074B16B /* Debug */,
				9E4AD8371DAC89EF0074B16B /* Release */,
			);
			defaultConfigurationIsVisible = 0;
			defaultConfigurationName = Release;
		};
/* End XCConfigurationList section */
	};
	rootObject = 9E4AD8161DAC89EF0074B16B /* Project object */;
}
